// !$*UTF8*$!
{
	archiveVersion = 1;
	classes = {
	};
	objectVersion = 46;
	objects = {

/* Begin PBXBuildFile section */
		B76B91DB1F0C50F800397B9B /* AppDelegate.swift in Sources */ = {isa = PBXBuildFile; fileRef = B76B91DA1F0C50F800397B9B /* AppDelegate.swift */; };
		B76B91DD1F0C50F800397B9B /* FirstViewController.swift in Sources */ = {isa = PBXBuildFile; fileRef = B76B91DC1F0C50F800397B9B /* FirstViewController.swift */; };
		B76B91DF1F0C50F800397B9B /* SecondViewController.swift in Sources */ = {isa = PBXBuildFile; fileRef = B76B91DE1F0C50F800397B9B /* SecondViewController.swift */; };
		B76B91E21F0C50F800397B9B /* Main.storyboard in Resources */ = {isa = PBXBuildFile; fileRef = B76B91E01F0C50F800397B9B /* Main.storyboard */; };
		B76B91E41F0C50F800397B9B /* Assets.xcassets in Resources */ = {isa = PBXBuildFile; fileRef = B76B91E31F0C50F800397B9B /* Assets.xcassets */; };
		B76B91E71F0C50F800397B9B /* LaunchScreen.storyboard in Resources */ = {isa = PBXBuildFile; fileRef = B76B91E51F0C50F800397B9B /* LaunchScreen.storyboard */; };
/* End PBXBuildFile section */

/* Begin PBXFileReference section */
		B76B91D71F0C50F800397B9B /* ToDoList.app */ = {isa = PBXFileReference; explicitFileType = wrapper.application; includeInIndex = 0; path = ToDoList.app; sourceTree = BUILT_PRODUCTS_DIR; };
		B76B91DA1F0C50F800397B9B /* AppDelegate.swift */ = {isa = PBXFileReference; lastKnownFileType = sourcecode.swift; path = AppDelegate.swift; sourceTree = "<group>"; };
		B76B91DC1F0C50F800397B9B /* FirstViewController.swift */ = {isa = PBXFileReference; lastKnownFileType = sourcecode.swift; path = FirstViewController.swift; sourceTree = "<group>"; };
		B76B91DE1F0C50F800397B9B /* SecondViewController.swift */ = {isa = PBXFileReference; lastKnownFileType = sourcecode.swift; path = SecondViewController.swift; sourceTree = "<group>"; };
		B76B91E11F0C50F800397B9B /* Base */ = {isa = PBXFileReference; lastKnownFileType = file.storyboard; name = Base; path = Base.lproj/Main.storyboard; sourceTree = "<group>"; };
		B76B91E31F0C50F800397B9B /* Assets.xcassets */ = {isa = PBXFileReference; lastKnownFileType = folder.assetcatalog; path = Assets.xcassets; sourceTree = "<group>"; };
		B76B91E61F0C50F800397B9B /* Base */ = {isa = PBXFileReference; lastKnownFileType = file.storyboard; name = Base; path = Base.lproj/LaunchScreen.storyboard; sourceTree = "<group>"; };
		B76B91E81F0C50F800397B9B /* Info.plist */ = {isa = PBXFileReference; lastKnownFileType = text.plist.xml; path = Info.plist; sourceTree = "<group>"; };
/* End PBXFileReference section */

/* Begin PBXFrameworksBuildPhase section */
		B76B91D41F0C50F800397B9B /* Frameworks */ = {
			isa = PBXFrameworksBuildPhase;
			buildActionMask = 2147483647;
			files = (
			);
			runOnlyForDeploymentPostprocessing = 0;
		};
/* End PBXFrameworksBuildPhase section */

/* Begin PBXGroup section */
		B76B91CE1F0C50F800397B9B = {
			isa = PBXGroup;
			children = (
				B76B91D91F0C50F800397B9B /* ToDoList */,
				B76B91D81F0C50F800397B9B /* Products */,
			);
			sourceTree = "<group>";
		};
		B76B91D81F0C50F800397B9B /* Products */ = {
			isa = PBXGroup;
			children = (
				B76B91D71F0C50F800397B9B /* ToDoList.app */,
			);
			name = Products;
			sourceTree = "<group>";
		};
		B76B91D91F0C50F800397B9B /* ToDoList */ = {
			isa = PBXGroup;
			children = (
				B76B91DA1F0C50F800397B9B /* AppDelegate.swift */,
				B76B91DC1F0C50F800397B9B /* FirstViewController.swift */,
				B76B91DE1F0C50F800397B9B /* SecondViewController.swift */,
				B76B91E01F0C50F800397B9B /* Main.storyboard */,
				B76B91E31F0C50F800397B9B /* Assets.xcassets */,
				B76B91E51F0C50F800397B9B /* LaunchScreen.storyboard */,
				B76B91E81F0C50F800397B9B /* Info.plist */,
			);
			path = ToDoList;
			sourceTree = "<group>";
		};
/* End PBXGroup section */

/* Begin PBXNativeTarget section */
		B76B91D61F0C50F800397B9B /* ToDoList */ = {
			isa = PBXNativeTarget;
			buildConfigurationList = B76B91EB1F0C50F800397B9B /* Build configuration list for PBXNativeTarget "ToDoList" */;
			buildPhases = (
				B76B91D31F0C50F800397B9B /* Sources */,
				B76B91D41F0C50F800397B9B /* Frameworks */,
				B76B91D51F0C50F800397B9B /* Resources */,
			);
			buildRules = (
			);
			dependencies = (
			);
			name = ToDoList;
			productName = ToDoList;
			productReference = B76B91D71F0C50F800397B9B /* ToDoList.app */;
			productType = "com.apple.product-type.application";
		};
/* End PBXNativeTarget section */

/* Begin PBXProject section */
		B76B91CF1F0C50F800397B9B /* Project object */ = {
			isa = PBXProject;
			attributes = {
				LastSwiftUpdateCheck = 0820;
				LastUpgradeCheck = 0820;
				ORGANIZATIONNAME = "hema shamala";
				TargetAttributes = {
					B76B91D61F0C50F800397B9B = {
						CreatedOnToolsVersion = 8.2.1;
						DevelopmentTeam = A2EQQ5Z2L7;
						ProvisioningStyle = Automatic;
					};
				};
			};
			buildConfigurationList = B76B91D21F0C50F800397B9B /* Build configuration list for PBXProject "ToDoList" */;
			compatibilityVersion = "Xcode 3.2";
			developmentRegion = English;
			hasScannedForEncodings = 0;
			knownRegions = (
				en,
				Base,
			);
			mainGroup = B76B91CE1F0C50F800397B9B;
			productRefGroup = B76B91D81F0C50F800397B9B /* Products */;
			projectDirPath = "";
			projectRoot = "";
			targets = (
				B76B91D61F0C50F800397B9B /* ToDoList */,
			);
		};
/* End PBXProject section */

/* Begin PBXResourcesBuildPhase section */
		B76B91D51F0C50F800397B9B /* Resources */ = {
			isa = PBXResourcesBuildPhase;
			buildActionMask = 2147483647;
			files = (
				B76B91E71F0C50F800397B9B /* LaunchScreen.storyboard in Resources */,
				B76B91E41F0C50F800397B9B /* Assets.xcassets in Resources */,
				B76B91E21F0C50F800397B9B /* Main.storyboard in Resources */,
			);
			runOnlyForDeploymentPostprocessing = 0;
		};
/* End PBXResourcesBuildPhase section */

/* Begin PBXSourcesBuildPhase section */
		B76B91D31F0C50F800397B9B /* Sources */ = {
			isa = PBXSourcesBuildPhase;
			buildActionMask = 2147483647;
			files = (
				B76B91DF1F0C50F800397B9B /* SecondViewController.swift in Sources */,
				B76B91DB1F0C50F800397B9B /* AppDelegate.swift in Sources */,
				B76B91DD1F0C50F800397B9B /* FirstViewController.swift in Sources */,
			);
			runOnlyForDeploymentPostprocessing = 0;
		};
/* End PBXSourcesBuildPhase section */

/* Begin PBXVariantGroup section */
		B76B91E01F0C50F800397B9B /* Main.storyboard */ = {
			isa = PBXVariantGroup;
			children = (
				B76B91E11F0C50F800397B9B /* Base */,
			);
			name = Main.storyboard;
			sourceTree = "<group>";
		};
		B76B91E51F0C50F800397B9B /* LaunchScreen.storyboard */ = {
			isa = PBXVariantGroup;
			children = (
				B76B91E61F0C50F800397B9B /* Base */,
			);
			name = LaunchScreen.storyboard;
			sourceTree = "<group>";
		};
/* End PBXVariantGroup section */

/* Begin XCBuildConfiguration section */
		B76B91E91F0C50F800397B9B /* Debug */ = {
			isa = XCBuildConfiguration;
			buildSettings = {
				ALWAYS_SEARCH_USER_PATHS = NO;
				CLANG_ANALYZER_NONNULL = YES;
				CLANG_CXX_LANGUAGE_STANDARD = "gnu++0x";
				CLANG_CXX_LIBRARY = "libc++";
				CLANG_ENABLE_MODULES = YES;
				CLANG_ENABLE_OBJC_ARC = YES;
				CLANG_WARN_BOOL_CONVERSION = YES;
				CLANG_WARN_CONSTANT_CONVERSION = YES;
				CLANG_WARN_DIRECT_OBJC_ISA_USAGE = YES_ERROR;
				CLANG_WARN_DOCUMENTATION_COMMENTS = YES;
				CLANG_WARN_EMPTY_BODY = YES;
				CLANG_WARN_ENUM_CONVERSION = YES;
				CLANG_WARN_INFINITE_RECURSION = YES;
				CLANG_WARN_INT_CONVERSION = YES;
				CLANG_WARN_OBJC_ROOT_CLASS = YES_ERROR;
				CLANG_WARN_SUSPICIOUS_MOVE = YES;
				CLANG_WARN_UNREACHABLE_CODE = YES;
				CLANG_WARN__DUPLICATE_METHOD_MATCH = YES;
				"CODE_SIGN_IDENTITY[sdk=iphoneos*]" = "iPhone Developer";
				COPY_PHASE_STRIP = NO;
				DEBUG_INFORMATION_FORMAT = dwarf;
				ENABLE_STRICT_OBJC_MSGSEND = YES;
				ENABLE_TESTABILITY = YES;
				GCC_C_LANGUAGE_STANDARD = gnu99;
				GCC_DYNAMIC_NO_PIC = NO;
				GCC_NO_COMMON_BLOCKS = YES;
				GCC_OPTIMIZATION_LEVEL = 0;
				GCC_PREPROCESSOR_DEFINITIONS = (
					"DEBUG=1",
					"$(inherited)",
				);
				GCC_WARN_64_TO_32_BIT_CONVERSION = YES;
				GCC_WARN_ABOUT_RETURN_TYPE = YES_ERROR;
				GCC_WARN_UNDECLARED_SELECTOR = YES;
				GCC_WARN_UNINITIALIZED_AUTOS = YES_AGGRESSIVE;
				GCC_WARN_UNUSED_FUNCTION = YES;
				GCC_WARN_UNUSED_VARIABLE = YES;
				IPHONEOS_DEPLOYMENT_TARGET = 10.2;
				MTL_ENABLE_DEBUG_INFO = YES;
				ONLY_ACTIVE_ARCH = YES;
				SDKROOT = iphoneos;
				SWIFT_ACTIVE_COMPILATION_CONDITIONS = DEBUG;
				SWIFT_OPTIMIZATION_LEVEL = "-Onone";
				TARGETED_DEVICE_FAMILY = "1,2";
			};
			name = Debug;
		};
		B76B91EA1F0C50F800397B9B /* Release */ = {
			isa = XCBuildConfiguration;
			buildSettings = {
				ALWAYS_SEARCH_USER_PATHS = NO;
				CLANG_ANALYZER_NONNULL = YES;
				CLANG_CXX_LANGUAGE_STANDARD = "gnu++0x";
				CLANG_CXX_LIBRARY = "libc++";
				CLANG_ENABLE_MODULES = YES;
				CLANG_ENABLE_OBJC_ARC = YES;
				CLANG_WARN_BOOL_CONVERSION = YES;
				CLANG_WARN_CONSTANT_CONVERSION = YES;
				CLANG_WARN_DIRECT_OBJC_ISA_USAGE = YES_ERROR;
				CLANG_WARN_DOCUMENTATION_COMMENTS = YES;
				CLANG_WARN_EMPTY_BODY = YES;
				CLANG_WARN_ENUM_CONVERSION = YES;
				CLANG_WARN_INFINITE_RECURSION = YES;
				CLANG_WARN_INT_CONVERSION = YES;
				CLANG_WARN_OBJC_ROOT_CLASS = YES_ERROR;
				CLANG_WARN_SUSPICIOUS_MOVE = YES;
				CLANG_WARN_UNREACHABLE_CODE = YES;
				CLANG_WARN__DUPLICATE_METHOD_MATCH = YES;
				"CODE_SIGN_IDENTITY[sdk=iphoneos*]" = "iPhone Developer";
				COPY_PHASE_STRIP = NO;
				DEBUG_INFORMATION_FORMAT = "dwarf-with-dsym";
				ENABLE_NS_ASSERTIONS = NO;
				ENABLE_STRICT_OBJC_MSGSEND = YES;
				GCC_C_LANGUAGE_STANDARD = gnu99;
				GCC_NO_COMMON_BLOCKS = YES;
				GCC_WARN_64_TO_32_BIT_CONVERSION = YES;
				GCC_WARN_ABOUT_RETURN_TYPE = YES_ERROR;
				GCC_WARN_UNDECLARED_SELECTOR = YES;
				GCC_WARN_UNINITIALIZED_AUTOS = YES_AGGRESSIVE;
				GCC_WARN_UNUSED_FUNCTION = YES;
				GCC_WARN_UNUSED_VARIABLE = YES;
				IPHONEOS_DEPLOYMENT_TARGET = 10.2;
				MTL_ENABLE_DEBUG_INFO = NO;
				SDKROOT = iphoneos;
				SWIFT_OPTIMIZATION_LEVEL = "-Owholemodule";
				TARGETED_DEVICE_FAMILY = "1,2";
				VALIDATE_PRODUCT = YES;
			};
			name = Release;
		};
		B76B91EC1F0C50F800397B9B /* Debug */ = {
			isa = XCBuildConfiguration;
			buildSettings = {
				ASSETCATALOG_COMPILER_APPICON_NAME = AppIcon;
				DEVELOPMENT_TEAM = A2EQQ5Z2L7;
				INFOPLIST_FILE = ToDoList/Info.plist;
				LD_RUNPATH_SEARCH_PATHS = "$(inherited) @executable_path/Frameworks";
				PRODUCT_BUNDLE_IDENTIFIER = com.hema.ToDoList;
				PRODUCT_NAME = "$(TARGET_NAME)";
				SWIFT_VERSION = 3.0;
			};
			name = Debug;
		};
		B76B91ED1F0C50F800397B9B /* Release */ = {
			isa = XCBuildConfiguration;
			buildSettings = {
				ASSETCATALOG_COMPILER_APPICON_NAME = AppIcon;
				DEVELOPMENT_TEAM = A2EQQ5Z2L7;
				INFOPLIST_FILE = ToDoList/Info.plist;
				LD_RUNPATH_SEARCH_PATHS = "$(inherited) @executable_path/Frameworks";
				PRODUCT_BUNDLE_IDENTIFIER = com.hema.ToDoList;
				PRODUCT_NAME = "$(TARGET_NAME)";
				SWIFT_VERSION = 3.0;
			};
			name = Release;
		};
/* End XCBuildConfiguration section */

/* Begin XCConfigurationList section */
		B76B91D21F0C50F800397B9B /* Build configuration list for PBXProject "ToDoList" */ = {
			isa = XCConfigurationList;
			buildConfigurations = (
				B76B91E91F0C50F800397B9B /* Debug */,
				B76B91EA1F0C50F800397B9B /* Release */,
			);
			defaultConfigurationIsVisible = 0;
			defaultConfigurationName = Release;
		};
		B76B91EB1F0C50F800397B9B /* Build configuration list for PBXNativeTarget "ToDoList" */ = {
			isa = XCConfigurationList;
			buildConfigurations = (
				B76B91EC1F0C50F800397B9B /* Debug */,
				B76B91ED1F0C50F800397B9B /* Release */,
			);
			defaultConfigurationIsVisible = 0;
		};
/* End XCConfigurationList section */
	};
	rootObject = B76B91CF1F0C50F800397B9B /* Project object */;
}
